{
  "nodes": {
    "flakeNimbleLib": {
      "inputs": {
        "nixpkgs": [
          "nixpkgs"
        ]
      },
      "locked": {
        "lastModified": 1662018438,
        "narHash": "sha256-QtNtU6+LX3Wokxf0zlFwKTFOcn6TeDjKQZ+DA9OYtvM=",
        "owner": "riinr",
        "repo": "nim-flakes-lib",
        "rev": "b1fe8340736e3a85d25c709ac3dfd82a55c03cbf",
        "type": "github"
      },
      "original": {
        "owner": "riinr",
        "ref": "master",
        "repo": "nim-flakes-lib",
        "type": "github"
      }
    },
    "nixpkgs": {
      "locked": {
        "lastModified": 1667199707,
        "narHash": "sha256-I2Js3Y7gUyVSEXPULHlBoRek4Lh85vnevdS6mdvDNLI=",
        "owner": "NixOS",
        "repo": "nixpkgs",
        "rev": "ced197be72099edcfa68ebed8b87af7b04851f45",
        "type": "github"
      },
      "original": {
        "id": "nixpkgs",
        "type": "indirect"
      }
    },
    "root": {
      "inputs": {
        "flakeNimbleLib": "flakeNimbleLib",
        "nixpkgs": "nixpkgs",
        "sos-main": "sos-main"
      }
    },
    "sos-main": {
      "inputs": {
        "flakeNimbleLib": [
          "flakeNimbleLib"
        ],
        "nixpkgs": [
          "nixpkgs"
        ],
        "src-sos-main": "src-sos-main"
      },
      "locked": {
        "dir": "main",
        "lastModified": 1667322686,
        "narHash": "sha256-njNp8PZqA3ZQXuL0ootYt/7fMxInwcA/m7SGu052Rcs=",
        "owner": "nim-nix-pkgs",
        "repo": "sos",
        "rev": "5dc5d9858fe63b38c22049c0d65ed5385d5070bc",
        "type": "github"
      },
      "original": {
        "dir": "main",
        "owner": "nim-nix-pkgs",
        "ref": "master",
        "repo": "sos",
        "type": "github"
      }
    },
    "src-sos-main": {
      "flake": false,
      "locked": {
        "lastModified": 1662746249,
        "narHash": "sha256-fg/kjKbstxzkrUTLqMGrhxgGBoWU328pd81es+JTRQk=",
        "owner": "ct-clmsn",
        "repo": "nim-sos",
        "rev": "48bc549060337b6106b10de65ca91e92814de1a3",
        "type": "github"
      },
      "original": {
        "owner": "ct-clmsn",
        "ref": "refs/heads/main",
        "repo": "nim-sos",
        "type": "github"
      }
    }
  },
  "root": "root",
  "version": 7
}
